{
    "_readme": [
        "This file locks the dependencies of your project to a known state",
        "Read more about it at https://getcomposer.org/doc/01-basic-usage.md#composer-lock-the-lock-file",
        "This file is @generated automatically"
    ],
    "hash": "f02053e656dc04ad346008f190e2bc2d",
    "content-hash": "b28ac7c304b9c73c14c81d1f3c3149f3",
    "packages": [
        {
            "name": "jetbrains/phpstorm-stubs",
            "version": "v2018.1.2",
            "source": {
                "type": "git",
                "url": "https://github.com/JetBrains/phpstorm-stubs.git",
                "reference": "d5fd088949a717b477a08ed8e24e7e64a814ae10"
            },
            "dist": {
                "type": "zip",
                "url": "https://api.github.com/repos/JetBrains/phpstorm-stubs/zipball/d5fd088949a717b477a08ed8e24e7e64a814ae10",
                "reference": "d5fd088949a717b477a08ed8e24e7e64a814ae10",
                "shasum": ""
            },
            "require-dev": {
                "nikic/php-parser": "v4.0.1",
                "phpdocumentor/reflection-docblock": "^4.3",
                "phpunit/phpunit": "7.1.4"
            },
            "type": "library",
            "notification-url": "https://packagist.org/downloads/",
            "license": [
                "Apache-2.0"
            ],
            "description": "PHP runtime & extensions header files for PhpStorm",
            "homepage": "https://www.jetbrains.com/phpstorm",
            "keywords": [
                "autocomplete",
                "code",
                "inference",
                "inspection",
                "jetbrains",
                "phpstorm",
                "stubs",
                "type"
            ],
            "time": "2018-04-25 12:26:46"
        }
    ],
    "packages-dev": [],
    "aliases": [],
    "minimum-stability": "stable",
    "stability-flags": [],
    "prefer-stable": false,
    "prefer-lowest": false,
    "platform": [],
    "platform-dev": []
}
